
Microsoft Visual Studio Solution File, Format Version 12.00
Project("{FAE04EC0-301F-11D3-BF4B-00C04F79EFBC}") = "Apbd9", "Apbd9\Apbd9.csproj", "{518B334D-C2AA-47BC-9D36-D234AB5DE549}"
EndProject
Global
	GlobalSection(SolutionConfigurationPlatforms) = preSolution
		Debug|Any CPU = Debug|Any CPU
		Release|Any CPU = Release|Any CPU
	EndGlobalSection
	GlobalSection(ProjectConfigurationPlatforms) = postSolution
		{518B334D-C2AA-47BC-9D36-D234AB5DE549}.Debug|Any CPU.ActiveCfg = Debug|Any CPU
		{518B334D-C2AA-47BC-9D36-D234AB5DE549}.Debug|Any CPU.Build.0 = Debug|Any CPU
		{518B334D-C2AA-47BC-9D36-D234AB5DE549}.Release|Any CPU.ActiveCfg = Release|Any CPU
		{518B334D-C2AA-47BC-9D36-D234AB5DE549}.Release|Any CPU.Build.0 = Release|Any CPU
	EndGlobalSection
EndGlobal
